
Microsoft Visual Studio Solution File, Format Version 12.00
# Visual Studio 14
VisualStudioVersion = 14.0.25420.1
MinimumVisualStudioVersion = 10.0.40219.1
Project("{FAE04EC0-301F-11D3-BF4B-00C04F79EFBC}") = "CapaDatos", "CapaDatos\CapaDatos.csproj", "{EFABEAD5-8D7B-4935-9E4F-C65376FB237E}"
EndProject
Project("{FAE04EC0-301F-11D3-BF4B-00C04F79EFBC}") = "CapaNegocio", "CapaNegocio\CapaNegocio.csproj", "{7A6659C6-57C9-4446-9046-AD2B4A17EED0}"
EndProject
Project("{FAE04EC0-301F-11D3-BF4B-00C04F79EFBC}") = "CapaPresentacion", "CapaPresentacion\CapaPresentacion.csproj", "{50A2BC98-E3D5-413D-A2C7-4CD836A75E80}"
EndProject
Global
	GlobalSection(SolutionConfigurationPlatforms) = preSolution
		Debug|Any CPU = Debug|Any CPU
		Release|Any CPU = Release|Any CPU
	EndGlobalSection
	GlobalSection(ProjectConfigurationPlatforms) = postSolution
		{EFABEAD5-8D7B-4935-9E4F-C65376FB237E}.Debug|Any CPU.ActiveCfg = Debug|Any CPU
		{EFABEAD5-8D7B-4935-9E4F-C65376FB237E}.Debug|Any CPU.Build.0 = Debug|Any CPU
		{EFABEAD5-8D7B-4935-9E4F-C65376FB237E}.Release|Any CPU.ActiveCfg = Release|Any CPU
		{EFABEAD5-8D7B-4935-9E4F-C65376FB237E}.Release|Any CPU.Build.0 = Release|Any CPU
		{7A6659C6-57C9-4446-9046-AD2B4A17EED0}.Debug|Any CPU.ActiveCfg = Debug|Any CPU
		{7A6659C6-57C9-4446-9046-AD2B4A17EED0}.Debug|Any CPU.Build.0 = Debug|Any CPU
		{7A6659C6-57C9-4446-9046-AD2B4A17EED0}.Release|Any CPU.ActiveCfg = Release|Any CPU
		{7A6659C6-57C9-4446-9046-AD2B4A17EED0}.Release|Any CPU.Build.0 = Release|Any CPU
		{50A2BC98-E3D5-413D-A2C7-4CD836A75E80}.Debug|Any CPU.ActiveCfg = Debug|Any CPU
		{50A2BC98-E3D5-413D-A2C7-4CD836A75E80}.Debug|Any CPU.Build.0 = Debug|Any CPU
		{50A2BC98-E3D5-413D-A2C7-4CD836A75E80}.Release|Any CPU.ActiveCfg = Release|Any CPU
		{50A2BC98-E3D5-413D-A2C7-4CD836A75E80}.Release|Any CPU.Build.0 = Release|Any CPU
	EndGlobalSection
	GlobalSection(SolutionProperties) = preSolution
		HideSolutionNode = FALSE
	EndGlobalSection
EndGlobal
